// !$*UTF8*$!
{
	archiveVersion = 1;
	classes = {
	};
	objectVersion = 46;
	objects = {

/* Begin PBXBuildFile section */
		A35283531E40031200A19C48 /* AppDelegate.swift in Sources */ = {isa = PBXBuildFile; fileRef = A35283521E40031200A19C48 /* AppDelegate.swift */; };
		A35283551E40031200A19C48 /* TasksViewController.swift in Sources */ = {isa = PBXBuildFile; fileRef = A35283541E40031200A19C48 /* TasksViewController.swift */; };
		A35283581E40031200A19C48 /* Main.storyboard in Resources */ = {isa = PBXBuildFile; fileRef = A35283561E40031200A19C48 /* Main.storyboard */; };
		A352835B1E40031200A19C48 /* Do_It_.xcdatamodeld in Sources */ = {isa = PBXBuildFile; fileRef = A35283591E40031200A19C48 /* Do_It_.xcdatamodeld */; };
		A352835D1E40031200A19C48 /* Assets.xcassets in Resources */ = {isa = PBXBuildFile; fileRef = A352835C1E40031200A19C48 /* Assets.xcassets */; };
		A35283601E40031200A19C48 /* LaunchScreen.storyboard in Resources */ = {isa = PBXBuildFile; fileRef = A352835E1E40031200A19C48 /* LaunchScreen.storyboard */; };
		A35283681E40086C00A19C48 /* Task.swift in Sources */ = {isa = PBXBuildFile; fileRef = A35283671E40086C00A19C48 /* Task.swift */; };
		A352836A1E40120F00A19C48 /* CreateTaskViewController.swift in Sources */ = {isa = PBXBuildFile; fileRef = A35283691E40120F00A19C48 /* CreateTaskViewController.swift */; };
		A379A7D41E413D5A00DA9F06 /* CompleteTaskViewController.swift in Sources */ = {isa = PBXBuildFile; fileRef = A379A7D31E413D5A00DA9F06 /* CompleteTaskViewController.swift */; };
/* End PBXBuildFile section */

/* Begin PBXFileReference section */
		A352834F1E40031200A19C48 /* Do It!.app */ = {isa = PBXFileReference; explicitFileType = wrapper.application; includeInIndex = 0; path = "Do It!.app"; sourceTree = BUILT_PRODUCTS_DIR; };
		A35283521E40031200A19C48 /* AppDelegate.swift */ = {isa = PBXFileReference; lastKnownFileType = sourcecode.swift; path = AppDelegate.swift; sourceTree = "<group>"; };
		A35283541E40031200A19C48 /* TasksViewController.swift */ = {isa = PBXFileReference; lastKnownFileType = sourcecode.swift; path = TasksViewController.swift; sourceTree = "<group>"; };
		A35283571E40031200A19C48 /* Base */ = {isa = PBXFileReference; lastKnownFileType = file.storyboard; name = Base; path = Base.lproj/Main.storyboard; sourceTree = "<group>"; };
		A352835A1E40031200A19C48 /* Do_It_.xcdatamodel */ = {isa = PBXFileReference; lastKnownFileType = wrapper.xcdatamodel; path = Do_It_.xcdatamodel; sourceTree = "<group>"; };
		A352835C1E40031200A19C48 /* Assets.xcassets */ = {isa = PBXFileReference; lastKnownFileType = folder.assetcatalog; path = Assets.xcassets; sourceTree = "<group>"; };
		A352835F1E40031200A19C48 /* Base */ = {isa = PBXFileReference; lastKnownFileType = file.storyboard; name = Base; path = Base.lproj/LaunchScreen.storyboard; sourceTree = "<group>"; };
		A35283611E40031200A19C48 /* Info.plist */ = {isa = PBXFileReference; lastKnownFileType = text.plist.xml; path = Info.plist; sourceTree = "<group>"; };
		A35283671E40086C00A19C48 /* Task.swift */ = {isa = PBXFileReference; fileEncoding = 4; lastKnownFileType = sourcecode.swift; path = Task.swift; sourceTree = "<group>"; };
		A35283691E40120F00A19C48 /* CreateTaskViewController.swift */ = {isa = PBXFileReference; fileEncoding = 4; lastKnownFileType = sourcecode.swift; path = CreateTaskViewController.swift; sourceTree = "<group>"; };
		A379A7D31E413D5A00DA9F06 /* CompleteTaskViewController.swift */ = {isa = PBXFileReference; fileEncoding = 4; lastKnownFileType = sourcecode.swift; path = CompleteTaskViewController.swift; sourceTree = "<group>"; };
/* End PBXFileReference section */

/* Begin PBXFrameworksBuildPhase section */
		A352834C1E40031200A19C48 /* Frameworks */ = {
			isa = PBXFrameworksBuildPhase;
			buildActionMask = 2147483647;
			files = (
			);
			runOnlyForDeploymentPostprocessing = 0;
		};
/* End PBXFrameworksBuildPhase section */

/* Begin PBXGroup section */
		A35283461E40031200A19C48 = {
			isa = PBXGroup;
			children = (
				A35283511E40031200A19C48 /* Do It! */,
				A35283501E40031200A19C48 /* Products */,
			);
			sourceTree = "<group>";
		};
		A35283501E40031200A19C48 /* Products */ = {
			isa = PBXGroup;
			children = (
				A352834F1E40031200A19C48 /* Do It!.app */,
			);
			name = Products;
			sourceTree = "<group>";
		};
		A35283511E40031200A19C48 /* Do It! */ = {
			isa = PBXGroup;
			children = (
				A35283521E40031200A19C48 /* AppDelegate.swift */,
				A35283541E40031200A19C48 /* TasksViewController.swift */,
				A379A7D31E413D5A00DA9F06 /* CompleteTaskViewController.swift */,
				A35283691E40120F00A19C48 /* CreateTaskViewController.swift */,
				A35283671E40086C00A19C48 /* Task.swift */,
				A35283561E40031200A19C48 /* Main.storyboard */,
				A352835C1E40031200A19C48 /* Assets.xcassets */,
				A352835E1E40031200A19C48 /* LaunchScreen.storyboard */,
				A35283611E40031200A19C48 /* Info.plist */,
				A35283591E40031200A19C48 /* Do_It_.xcdatamodeld */,
			);
			path = "Do It!";
			sourceTree = "<group>";
		};
/* End PBXGroup section */

/* Begin PBXNativeTarget section */
		A352834E1E40031200A19C48 /* Do It! */ = {
			isa = PBXNativeTarget;
			buildConfigurationList = A35283641E40031200A19C48 /* Build configuration list for PBXNativeTarget "Do It!" */;
			buildPhases = (
				A352834B1E40031200A19C48 /* Sources */,
				A352834C1E40031200A19C48 /* Frameworks */,
				A352834D1E40031200A19C48 /* Resources */,
			);
			buildRules = (
			);
			dependencies = (
			);
			name = "Do It!";
			productName = "Do It!";
			productReference = A352834F1E40031200A19C48 /* Do It!.app */;
			productType = "com.apple.product-type.application";
		};
/* End PBXNativeTarget section */

/* Begin PBXProject section */
		A35283471E40031200A19C48 /* Project object */ = {
			isa = PBXProject;
			attributes = {
				LastSwiftUpdateCheck = 0820;
				LastUpgradeCheck = 0820;
				ORGANIZATIONNAME = "Stephen Romero";
				TargetAttributes = {
					A352834E1E40031200A19C48 = {
						CreatedOnToolsVersion = 8.2.1;
						ProvisioningStyle = Automatic;
					};
				};
			};
			buildConfigurationList = A352834A1E40031200A19C48 /* Build configuration list for PBXProject "Do It!" */;
			compatibilityVersion = "Xcode 3.2";
			developmentRegion = English;
			hasScannedForEncodings = 0;
			knownRegions = (
				en,
				Base,
			);
			mainGroup = A35283461E40031200A19C48;
			productRefGroup = A35283501E40031200A19C48 /* Products */;
			projectDirPath = "";
			projectRoot = "";
			targets = (
				A352834E1E40031200A19C48 /* Do It! */,
			);
		};
/* End PBXProject section */

/* Begin PBXResourcesBuildPhase section */
		A352834D1E40031200A19C48 /* Resources */ = {
			isa = PBXResourcesBuildPhase;
			buildActionMask = 2147483647;
			files = (
				A35283601E40031200A19C48 /* LaunchScreen.storyboard in Resources */,
				A352835D1E40031200A19C48 /* Assets.xcassets in Resources */,
				A35283581E40031200A19C48 /* Main.storyboard in Resources */,
			);
			runOnlyForDeploymentPostprocessing = 0;
		};
/* End PBXResourcesBuildPhase section */

/* Begin PBXSourcesBuildPhase section */
		A352834B1E40031200A19C48 /* Sources */ = {
			isa = PBXSourcesBuildPhase;
			buildActionMask = 2147483647;
			files = (
				A35283681E40086C00A19C48 /* Task.swift in Sources */,
				A35283551E40031200A19C48 /* TasksViewController.swift in Sources */,
				A379A7D41E413D5A00DA9F06 /* CompleteTaskViewController.swift in Sources */,
				A35283531E40031200A19C48 /* AppDelegate.swift in Sources */,
				A352835B1E40031200A19C48 /* Do_It_.xcdatamodeld in Sources */,
				A352836A1E40120F00A19C48 /* CreateTaskViewController.swift in Sources */,
			);
			runOnlyForDeploymentPostprocessing = 0;
		};
/* End PBXSourcesBuildPhase section */

/* Begin PBXVariantGroup section */
		A35283561E40031200A19C48 /* Main.storyboard */ = {
			isa = PBXVariantGroup;
			children = (
				A35283571E40031200A19C48 /* Base */,
			);
			name = Main.storyboard;
			sourceTree = "<group>";
		};
		A352835E1E40031200A19C48 /* LaunchScreen.storyboard */ = {
			isa = PBXVariantGroup;
			children = (
				A352835F1E40031200A19C48 /* Base */,
			);
			name = LaunchScreen.storyboard;
			sourceTree = "<group>";
		};
/* End PBXVariantGroup section */

/* Begin XCBuildConfiguration section */
		A35283621E40031200A19C48 /* Debug */ = {
			isa = XCBuildConfiguration;
			buildSettings = {
				ALWAYS_SEARCH_USER_PATHS = NO;
				CLANG_ANALYZER_NONNULL = YES;
				CLANG_CXX_LANGUAGE_STANDARD = "gnu++0x";
				CLANG_CXX_LIBRARY = "libc++";
				CLANG_ENABLE_MODULES = YES;
				CLANG_ENABLE_OBJC_ARC = YES;
				CLANG_WARN_BOOL_CONVERSION = YES;
				CLANG_WARN_CONSTANT_CONVERSION = YES;
				CLANG_WARN_DIRECT_OBJC_ISA_USAGE = YES_ERROR;
				CLANG_WARN_DOCUMENTATION_COMMENTS = YES;
				CLANG_WARN_EMPTY_BODY = YES;
				CLANG_WARN_ENUM_CONVERSION = YES;
				CLANG_WARN_INFINITE_RECURSION = YES;
				CLANG_WARN_INT_CONVERSION = YES;
				CLANG_WARN_OBJC_ROOT_CLASS = YES_ERROR;
				CLANG_WARN_SUSPICIOUS_MOVE = YES;
				CLANG_WARN_UNREACHABLE_CODE = YES;
				CLANG_WARN__DUPLICATE_METHOD_MATCH = YES;
				"CODE_SIGN_IDENTITY[sdk=iphoneos*]" = "iPhone Developer";
				COPY_PHASE_STRIP = NO;
				DEBUG_INFORMATION_FORMAT = dwarf;
				ENABLE_STRICT_OBJC_MSGSEND = YES;
				ENABLE_TESTABILITY = YES;
				GCC_C_LANGUAGE_STANDARD = gnu99;
				GCC_DYNAMIC_NO_PIC = NO;
				GCC_NO_COMMON_BLOCKS = YES;
				GCC_OPTIMIZATION_LEVEL = 0;
				GCC_PREPROCESSOR_DEFINITIONS = (
					"DEBUG=1",
					"$(inherited)",
				);
				GCC_WARN_64_TO_32_BIT_CONVERSION = YES;
				GCC_WARN_ABOUT_RETURN_TYPE = YES_ERROR;
				GCC_WARN_UNDECLARED_SELECTOR = YES;
				GCC_WARN_UNINITIALIZED_AUTOS = YES_AGGRESSIVE;
				GCC_WARN_UNUSED_FUNCTION = YES;
				GCC_WARN_UNUSED_VARIABLE = YES;
				IPHONEOS_DEPLOYMENT_TARGET = 10.2;
				MTL_ENABLE_DEBUG_INFO = YES;
				ONLY_ACTIVE_ARCH = YES;
				SDKROOT = iphoneos;
				SWIFT_ACTIVE_COMPILATION_CONDITIONS = DEBUG;
				SWIFT_OPTIMIZATION_LEVEL = "-Onone";
				TARGETED_DEVICE_FAMILY = "1,2";
			};
			name = Debug;
		};
		A35283631E40031200A19C48 /* Release */ = {
			isa = XCBuildConfiguration;
			buildSettings = {
				ALWAYS_SEARCH_USER_PATHS = NO;
				CLANG_ANALYZER_NONNULL = YES;
				CLANG_CXX_LANGUAGE_STANDARD = "gnu++0x";
				CLANG_CXX_LIBRARY = "libc++";
				CLANG_ENABLE_MODULES = YES;
				CLANG_ENABLE_OBJC_ARC = YES;
				CLANG_WARN_BOOL_CONVERSION = YES;
				CLANG_WARN_CONSTANT_CONVERSION = YES;
				CLANG_WARN_DIRECT_OBJC_ISA_USAGE = YES_ERROR;
				CLANG_WARN_DOCUMENTATION_COMMENTS = YES;
				CLANG_WARN_EMPTY_BODY = YES;
				CLANG_WARN_ENUM_CONVERSION = YES;
				CLANG_WARN_INFINITE_RECURSION = YES;
				CLANG_WARN_INT_CONVERSION = YES;
				CLANG_WARN_OBJC_ROOT_CLASS = YES_ERROR;
				CLANG_WARN_SUSPICIOUS_MOVE = YES;
				CLANG_WARN_UNREACHABLE_CODE = YES;
				CLANG_WARN__DUPLICATE_METHOD_MATCH = YES;
				"CODE_SIGN_IDENTITY[sdk=iphoneos*]" = "iPhone Developer";
				COPY_PHASE_STRIP = NO;
				DEBUG_INFORMATION_FORMAT = "dwarf-with-dsym";
				ENABLE_NS_ASSERTIONS = NO;
				ENABLE_STRICT_OBJC_MSGSEND = YES;
				GCC_C_LANGUAGE_STANDARD = gnu99;
				GCC_NO_COMMON_BLOCKS = YES;
				GCC_WARN_64_TO_32_BIT_CONVERSION = YES;
				GCC_WARN_ABOUT_RETURN_TYPE = YES_ERROR;
				GCC_WARN_UNDECLARED_SELECTOR = YES;
				GCC_WARN_UNINITIALIZED_AUTOS = YES_AGGRESSIVE;
				GCC_WARN_UNUSED_FUNCTION = YES;
				GCC_WARN_UNUSED_VARIABLE = YES;
				IPHONEOS_DEPLOYMENT_TARGET = 10.2;
				MTL_ENABLE_DEBUG_INFO = NO;
				SDKROOT = iphoneos;
				SWIFT_OPTIMIZATION_LEVEL = "-Owholemodule";
				TARGETED_DEVICE_FAMILY = "1,2";
				VALIDATE_PRODUCT = YES;
			};
			name = Release;
		};
		A35283651E40031200A19C48 /* Debug */ = {
			isa = XCBuildConfiguration;
			buildSettings = {
				ASSETCATALOG_COMPILER_APPICON_NAME = AppIcon;
				INFOPLIST_FILE = "Do It!/Info.plist";
				LD_RUNPATH_SEARCH_PATHS = "$(inherited) @executable_path/Frameworks";
				PRODUCT_BUNDLE_IDENTIFIER = "com.StephenRomero.Do-It-";
				PRODUCT_NAME = "$(TARGET_NAME)";
				SWIFT_VERSION = 3.0;
			};
			name = Debug;
		};
		A35283661E40031200A19C48 /* Release */ = {
			isa = XCBuildConfiguration;
			buildSettings = {
				ASSETCATALOG_COMPILER_APPICON_NAME = AppIcon;
				INFOPLIST_FILE = "Do It!/Info.plist";
				LD_RUNPATH_SEARCH_PATHS = "$(inherited) @executable_path/Frameworks";
				PRODUCT_BUNDLE_IDENTIFIER = "com.StephenRomero.Do-It-";
				PRODUCT_NAME = "$(TARGET_NAME)";
				SWIFT_VERSION = 3.0;
			};
			name = Release;
		};
/* End XCBuildConfiguration section */

/* Begin XCConfigurationList section */
		A352834A1E40031200A19C48 /* Build configuration list for PBXProject "Do It!" */ = {
			isa = XCConfigurationList;
			buildConfigurations = (
				A35283621E40031200A19C48 /* Debug */,
				A35283631E40031200A19C48 /* Release */,
			);
			defaultConfigurationIsVisible = 0;
			defaultConfigurationName = Release;
		};
		A35283641E40031200A19C48 /* Build configuration list for PBXNativeTarget "Do It!" */ = {
			isa = XCConfigurationList;
			buildConfigurations = (
				A35283651E40031200A19C48 /* Debug */,
				A35283661E40031200A19C48 /* Release */,
			);
			defaultConfigurationIsVisible = 0;
			defaultConfigurationName = Release;
		};
/* End XCConfigurationList section */

/* Begin XCVersionGroup section */
		A35283591E40031200A19C48 /* Do_It_.xcdatamodeld */ = {
			isa = XCVersionGroup;
			children = (
				A352835A1E40031200A19C48 /* Do_It_.xcdatamodel */,
			);
			currentVersion = A352835A1E40031200A19C48 /* Do_It_.xcdatamodel */;
			path = Do_It_.xcdatamodeld;
			sourceTree = "<group>";
			versionGroupType = wrapper.xcdatamodel;
		};
/* End XCVersionGroup section */
	};
	rootObject = A35283471E40031200A19C48 /* Project object */;
}
